# The upstream commit imported unchanged into origin/ (squashed git subtree).
# Updated by tools/sync_origin.py; tree is checked by tools/check_origin.py.
[origin]
repository = "https://github.com/ZallaxDev/pokeemerald-3Ds-dualscreen"
branch = "main"
commit = "c330c0a1aece35966b2d899013d16893fe70cff5"
tree = "f9307826bef88ca7acbba55fa4aebedf52a11a5c"
