# The upstream commit imported unchanged into origin/ (squashed git subtree).
# Updated by tools/sync_origin.py; tree is checked by tools/check_origin.py.
[origin]
repository = "https://github.com/ZallaxDev/pokeemerald-3Ds-dualscreen"
branch = "main"
commit = "cdc77a3d2b0132d57ed29c4887e64b0a41051ded"
tree = "329472773b9fec6af716eca7e51ed02ed7551383"
